
Microsoft Visual Studio Solution File, Format Version 12.00
# Visual Studio Version 17
VisualStudioVersion = 17.3.32901.215
MinimumVisualStudioVersion = 10.0.40219.1
Project("{FAE04EC0-301F-11D3-BF4B-00C04F79EFBC}") = "СУБД Библиотека", "СУБД Библиотека\СУБД Библиотека.csproj", "{49B70AA3-20DD-4989-A38A-0D4ADA73B94C}"
EndProject
Global
	GlobalSection(SolutionConfigurationPlatforms) = preSolution
		Debug|Any CPU = Debug|Any CPU
		Release|Any CPU = Release|Any CPU
	EndGlobalSection
	GlobalSection(ProjectConfigurationPlatforms) = postSolution
		{49B70AA3-20DD-4989-A38A-0D4ADA73B94C}.Debug|Any CPU.ActiveCfg = Debug|Any CPU
		{49B70AA3-20DD-4989-A38A-0D4ADA73B94C}.Debug|Any CPU.Build.0 = Debug|Any CPU
		{49B70AA3-20DD-4989-A38A-0D4ADA73B94C}.Release|Any CPU.ActiveCfg = Release|Any CPU
		{49B70AA3-20DD-4989-A38A-0D4ADA73B94C}.Release|Any CPU.Build.0 = Release|Any CPU
	EndGlobalSection
	GlobalSection(SolutionProperties) = preSolution
		HideSolutionNode = FALSE
	EndGlobalSection
	GlobalSection(ExtensibilityGlobals) = postSolution
		SolutionGuid = {6B67E067-67A3-47BF-990F-AEF4445E8976}
	EndGlobalSection
EndGlobal
